
Microsoft Visual Studio Solution File, Format Version 12.00
# Visual Studio 15
VisualStudioVersion = 15.0.27004.2006
MinimumVisualStudioVersion = 10.0.40219.1
Project("{FAE04EC0-301F-11D3-BF4B-00C04F79EFBC}") = "DataAggregatorClincsSG", "DataAggregatorClincsSG\DataAggregatorClincsSG.csproj", "{EE0BC254-6BB3-42DB-9200-F38F9FD82603}"
EndProject
Global
	GlobalSection(SolutionConfigurationPlatforms) = preSolution
		Debug|Any CPU = Debug|Any CPU
		Release|Any CPU = Release|Any CPU
	EndGlobalSection
	GlobalSection(ProjectConfigurationPlatforms) = postSolution
		{EE0BC254-6BB3-42DB-9200-F38F9FD82603}.Debug|Any CPU.ActiveCfg = Debug|Any CPU
		{EE0BC254-6BB3-42DB-9200-F38F9FD82603}.Debug|Any CPU.Build.0 = Debug|Any CPU
		{EE0BC254-6BB3-42DB-9200-F38F9FD82603}.Release|Any CPU.ActiveCfg = Release|Any CPU
		{EE0BC254-6BB3-42DB-9200-F38F9FD82603}.Release|Any CPU.Build.0 = Release|Any CPU
	EndGlobalSection
	GlobalSection(SolutionProperties) = preSolution
		HideSolutionNode = FALSE
	EndGlobalSection
	GlobalSection(ExtensibilityGlobals) = postSolution
		SolutionGuid = {C61F57DF-ED50-4BB4-9E32-CF2ED634994E}
	EndGlobalSection
EndGlobal
